# THIS IS AN AUTOGENERATED FILE. DO NOT EDIT THIS FILE DIRECTLY.
# yarn lockfile v1


leaflet@^1.7.1:
  version "1.9.3"
  resolved "https://registry.yarnpkg.com/leaflet/-/leaflet-1.9.3.tgz#52ec436954964e2d3d39e0d433da4b2500d74414"
  integrity sha512-iB2cR9vAkDOu5l3HAay2obcUHZ7xwUBBjph8+PGtmW/2lYhbLizWtG7nTeYht36WfOslixQF9D/uSIzhZgGMfQ==
